{
  "version": 4,
  "terraform_version": "1.13.3",
  "serial": 16,
  "lineage": "8b94c4ae-89ed-2b3a-e72b-95879a4196ba",
  "outputs": {},
  "resources": [
    {
      "mode": "data",
      "type": "aws_caller_identity",
      "name": "current",
      "provider": "provider[\"registry.terraform.io/hashicorp/aws\"]",
      "instances": [
        {
          "schema_version": 0,
          "attributes": {
            "account_id": "684756697640",
            "arn": "arn:aws:iam::684756697640:root",
            "id": "684756697640",
            "user_id": "684756697640"
          },
          "sensitive_attributes": [],
          "identity_schema_version": 0
        }
      ]
    },
    {
      "mode": "managed",
      "type": "aws_iam_instance_profile",
      "name": "ec2_instance_profile",
      "provider": "provider[\"registry.terraform.io/hashicorp/aws\"]",
      "instances": [
        {
          "schema_version": 0,
          "attributes": {
            "arn": "arn:aws:iam::684756697640:instance-profile/lti-project-ec2-instance-profile",
            "create_date": "2025-09-28T15:12:11Z",
            "id": "lti-project-ec2-instance-profile",
            "name": "lti-project-ec2-instance-profile",
            "name_prefix": "",
            "path": "/",
            "role": "lti-project-ec2-role",
            "tags": {},
            "tags_all": {},
            "unique_id": "AIPAZ63VOAIUAPTFSOUTV"
          },
          "sensitive_attributes": [],
          "identity_schema_version": 0,
          "private": "bnVsbA==",
          "dependencies": [
            "aws_iam_role.ec2_role"
          ]
        }
      ]
    },
    {
      "mode": "managed",
      "type": "aws_iam_policy",
      "name": "datadog_policy",
      "provider": "provider[\"registry.terraform.io/hashicorp/aws\"]",
      "instances": [
        {
          "schema_version": 0,
          "attributes": {
            "arn": "arn:aws:iam::684756697640:policy/datadog-policy",
            "attachment_count": 1,
            "description": "Policy for Datadog AWS integration",
            "id": "arn:aws:iam::684756697640:policy/datadog-policy",
            "name": "datadog-policy",
            "name_prefix": "",
            "path": "/",
            "policy": "{\"Statement\":[{\"Action\":[\"cloudwatch:GetMetricStatistics\",\"cloudwatch:ListMetrics\",\"ec2:DescribeInstances\",\"ec2:DescribeInstanceStatus\",\"ec2:DescribeSecurityGroups\",\"ec2:DescribeTags\",\"ec2:DescribeVolumes\",\"ec2:DescribeVpcs\",\"s3:ListAllMyBuckets\",\"s3:ListBucket\",\"s3:ListObjects\"],\"Effect\":\"Allow\",\"Resource\":\"*\"}],\"Version\":\"2012-10-17\"}",
            "policy_id": "ANPAZ63VOAIUFZJWGQSPQ",
            "tags": {},
            "tags_all": {}
          },
          "sensitive_attributes": [],
          "identity_schema_version": 0,
          "identity": {
            "arn": "arn:aws:iam::684756697640:policy/datadog-policy"
          },
          "private": "bnVsbA=="
        }
      ]
    },
    {
      "mode": "managed",
      "type": "aws_iam_role",
      "name": "datadog_role",
      "provider": "provider[\"registry.terraform.io/hashicorp/aws\"]",
      "instances": [
        {
          "schema_version": 0,
          "attributes": {
            "arn": "arn:aws:iam::684756697640:role/datadog-integration-role",
            "assume_role_policy": "{\"Statement\":[{\"Action\":\"sts:AssumeRole\",\"Condition\":{\"StringEquals\":{\"sts:ExternalId\":\"temporary-placeholder\"}},\"Effect\":\"Allow\",\"Principal\":{\"AWS\":\"arn:aws:iam::464622532012:root\"}}],\"Version\":\"2012-10-17\"}",
            "create_date": "2025-09-28T15:12:10Z",
            "description": "",
            "force_detach_policies": false,
            "id": "datadog-integration-role",
            "inline_policy": [],
            "managed_policy_arns": [
              "arn:aws:iam::684756697640:policy/datadog-policy"
            ],
            "max_session_duration": 3600,
            "name": "datadog-integration-role",
            "name_prefix": "",
            "path": "/",
            "permissions_boundary": "",
            "tags": {},
            "tags_all": {},
            "unique_id": "AROAZ63VOAIUA4X7HXMUN"
          },
          "sensitive_attributes": [],
          "identity_schema_version": 0,
          "identity": {
            "account_id": "684756697640",
            "name": "datadog-integration-role"
          },
          "private": "bnVsbA=="
        }
      ]
    },
    {
      "mode": "managed",
      "type": "aws_iam_role",
      "name": "ec2_role",
      "provider": "provider[\"registry.terraform.io/hashicorp/aws\"]",
      "instances": [
        {
          "schema_version": 0,
          "attributes": {
            "arn": "arn:aws:iam::684756697640:role/lti-project-ec2-role",
            "assume_role_policy": "{\"Statement\":[{\"Action\":\"sts:AssumeRole\",\"Effect\":\"Allow\",\"Principal\":{\"Service\":\"ec2.amazonaws.com\"},\"Sid\":\"\"}],\"Version\":\"2012-10-17\"}",
            "create_date": "2025-09-28T15:12:10Z",
            "description": "",
            "force_detach_policies": false,
            "id": "lti-project-ec2-role",
            "inline_policy": [],
            "managed_policy_arns": [],
            "max_session_duration": 3600,
            "name": "lti-project-ec2-role",
            "name_prefix": "",
            "path": "/",
            "permissions_boundary": "",
            "tags": {},
            "tags_all": {},
            "unique_id": "AROAZ63VOAIUDM5PQB62I"
          },
          "sensitive_attributes": [],
          "identity_schema_version": 0,
          "identity": {
            "account_id": "684756697640",
            "name": "lti-project-ec2-role"
          },
          "private": "bnVsbA=="
        }
      ]
    },
    {
      "mode": "managed",
      "type": "aws_iam_role_policy_attachment",
      "name": "datadog_policy_attachment",
      "provider": "provider[\"registry.terraform.io/hashicorp/aws\"]",
      "instances": [
        {
          "schema_version": 0,
          "attributes": {
            "id": "datadog-integration-role/arn:aws:iam::684756697640:policy/datadog-policy",
            "policy_arn": "arn:aws:iam::684756697640:policy/datadog-policy",
            "role": "datadog-integration-role"
          },
          "sensitive_attributes": [],
          "identity_schema_version": 0,
          "identity": {
            "account_id": "684756697640",
            "policy_arn": "arn:aws:iam::684756697640:policy/datadog-policy",
            "role": "datadog-integration-role"
          },
          "private": "bnVsbA==",
          "dependencies": [
            "aws_iam_policy.datadog_policy",
            "aws_iam_role.datadog_role"
          ]
        }
      ]
    },
    {
      "mode": "managed",
      "type": "aws_security_group",
      "name": "backend_sg",
      "provider": "provider[\"registry.terraform.io/hashicorp/aws\"]",
      "instances": [
        {
          "schema_version": 1,
          "attributes": {
            "arn": "arn:aws:ec2:us-east-1:684756697640:security-group/sg-0d983bd5cbfeb8d24",
            "description": "Allow HTTP and SSH access",
            "egress": [
              {
                "cidr_blocks": [
                  "0.0.0.0/0"
                ],
                "description": "",
                "from_port": 0,
                "ipv6_cidr_blocks": [],
                "prefix_list_ids": [],
                "protocol": "-1",
                "security_groups": [],
                "self": false,
                "to_port": 0
              }
            ],
            "id": "sg-0d983bd5cbfeb8d24",
            "ingress": [
              {
                "cidr_blocks": [
                  "0.0.0.0/0"
                ],
                "description": "",
                "from_port": 22,
                "ipv6_cidr_blocks": [],
                "prefix_list_ids": [],
                "protocol": "tcp",
                "security_groups": [],
                "self": false,
                "to_port": 22
              },
              {
                "cidr_blocks": [
                  "0.0.0.0/0"
                ],
                "description": "",
                "from_port": 8080,
                "ipv6_cidr_blocks": [],
                "prefix_list_ids": [],
                "protocol": "tcp",
                "security_groups": [],
                "self": false,
                "to_port": 8080
              }
            ],
            "name": "lti-project-backend-sg",
            "name_prefix": "",
            "owner_id": "684756697640",
            "region": "us-east-1",
            "revoke_rules_on_delete": false,
            "tags": {},
            "tags_all": {},
            "timeouts": null,
            "vpc_id": "vpc-00d867cb879c368ad"
          },
          "sensitive_attributes": [],
          "identity_schema_version": 0,
          "identity": {
            "account_id": "684756697640",
            "id": "sg-0d983bd5cbfeb8d24",
            "region": "us-east-1"
          },
          "private": "eyJlMmJmYjczMC1lY2FhLTExZTYtOGY4OC0zNDM2M2JjN2M0YzAiOnsiY3JlYXRlIjo2MDAwMDAwMDAwMDAsImRlbGV0ZSI6OTAwMDAwMDAwMDAwfSwic2NoZW1hX3ZlcnNpb24iOiIxIn0="
        }
      ]
    },
    {
      "mode": "managed",
      "type": "aws_security_group",
      "name": "frontend_sg",
      "provider": "provider[\"registry.terraform.io/hashicorp/aws\"]",
      "instances": [
        {
          "schema_version": 1,
          "attributes": {
            "arn": "arn:aws:ec2:us-east-1:684756697640:security-group/sg-0a6c2264522ba8d7e",
            "description": "Allow HTTP and SSH access",
            "egress": [
              {
                "cidr_blocks": [
                  "0.0.0.0/0"
                ],
                "description": "",
                "from_port": 0,
                "ipv6_cidr_blocks": [],
                "prefix_list_ids": [],
                "protocol": "-1",
                "security_groups": [],
                "self": false,
                "to_port": 0
              }
            ],
            "id": "sg-0a6c2264522ba8d7e",
            "ingress": [
              {
                "cidr_blocks": [
                  "0.0.0.0/0"
                ],
                "description": "",
                "from_port": 22,
                "ipv6_cidr_blocks": [],
                "prefix_list_ids": [],
                "protocol": "tcp",
                "security_groups": [],
                "self": false,
                "to_port": 22
              },
              {
                "cidr_blocks": [
                  "0.0.0.0/0"
                ],
                "description": "",
                "from_port": 3000,
                "ipv6_cidr_blocks": [],
                "prefix_list_ids": [],
                "protocol": "tcp",
                "security_groups": [],
                "self": false,
                "to_port": 3000
              }
            ],
            "name": "lti-project-frontend-sg",
            "name_prefix": "",
            "owner_id": "684756697640",
            "region": "us-east-1",
            "revoke_rules_on_delete": false,
            "tags": {},
            "tags_all": {},
            "timeouts": null,
            "vpc_id": "vpc-00d867cb879c368ad"
          },
          "sensitive_attributes": [],
          "identity_schema_version": 0,
          "identity": {
            "account_id": "684756697640",
            "id": "sg-0a6c2264522ba8d7e",
            "region": "us-east-1"
          },
          "private": "eyJlMmJmYjczMC1lY2FhLTExZTYtOGY4OC0zNDM2M2JjN2M0YzAiOnsiY3JlYXRlIjo2MDAwMDAwMDAwMDAsImRlbGV0ZSI6OTAwMDAwMDAwMDAwfSwic2NoZW1hX3ZlcnNpb24iOiIxIn0="
        }
      ]
    },
    {
      "mode": "managed",
      "type": "datadog_dashboard",
      "name": "aws_infrastructure",
      "provider": "provider[\"registry.terraform.io/datadog/datadog\"]",
      "instances": [
        {
          "schema_version": 0,
          "attributes": {
            "dashboard_lists": null,
            "dashboard_lists_removed": [],
            "description": "Dashboard for monitoring AWS infrastructure with Datadog",
            "id": "7sm-cdn-597",
            "is_read_only": false,
            "layout_type": "ordered",
            "notify_list": null,
            "reflow_type": "",
            "restricted_roles": null,
            "tags": null,
            "template_variable": [],
            "template_variable_preset": [],
            "title": "AWS Infrastructure Monitoring",
            "url": "/dashboard/7sm-cdn-597/aws-infrastructure-monitoring",
            "widget": [
              {
                "alert_graph_definition": [],
                "alert_value_definition": [],
                "change_definition": [],
                "check_status_definition": [],
                "distribution_definition": [],
                "event_stream_definition": [],
                "event_timeline_definition": [],
                "free_text_definition": [],
                "geomap_definition": [],
                "group_definition": [],
                "heatmap_definition": [],
                "hostmap_definition": [],
                "id": 5500375719500352,
                "iframe_definition": [],
                "image_definition": [],
                "list_stream_definition": [],
                "log_stream_definition": [],
                "manage_status_definition": [],
                "note_definition": [],
                "powerpack_definition": [],
                "query_table_definition": [],
                "query_value_definition": [],
                "run_workflow_definition": [],
                "scatterplot_definition": [],
                "service_level_objective_definition": [],
                "servicemap_definition": [],
                "slo_list_definition": [],
                "split_graph_definition": [],
                "sunburst_definition": [],
                "timeseries_definition": [
                  {
                    "custom_link": [],
                    "event": [],
                    "legend_columns": null,
                    "legend_layout": "",
                    "legend_size": "",
                    "live_span": "",
                    "marker": [],
                    "request": [
                      {
                        "apm_query": [],
                        "audit_query": [],
                        "display_type": "line",
                        "formula": [],
                        "log_query": [],
                        "metadata": [],
                        "network_query": [],
                        "on_right_yaxis": false,
                        "process_query": [],
                        "q": "avg:aws.ec2.cpuutilization{*} by {instance-id}",
                        "query": [],
                        "rum_query": [],
                        "security_query": [],
                        "style": []
                      }
                    ],
                    "right_yaxis": [],
                    "show_legend": false,
                    "title": "EC2 CPU Utilization",
                    "title_align": "",
                    "title_size": "",
                    "yaxis": []
                  }
                ],
                "toplist_definition": [],
                "topology_map_definition": [],
                "trace_service_definition": [],
                "treemap_definition": [],
                "widget_layout": [
                  {
                    "height": 15,
                    "is_column_break": false,
                    "width": 12,
                    "x": 0,
                    "y": 0
                  }
                ]
              },
              {
                "alert_graph_definition": [],
                "alert_value_definition": [],
                "change_definition": [],
                "check_status_definition": [],
                "distribution_definition": [],
                "event_stream_definition": [],
                "event_timeline_definition": [],
                "free_text_definition": [],
                "geomap_definition": [],
                "group_definition": [],
                "heatmap_definition": [],
                "hostmap_definition": [],
                "id": 4111888160352218,
                "iframe_definition": [],
                "image_definition": [],
                "list_stream_definition": [],
                "log_stream_definition": [],
                "manage_status_definition": [],
                "note_definition": [],
                "powerpack_definition": [],
                "query_table_definition": [],
                "query_value_definition": [],
                "run_workflow_definition": [],
                "scatterplot_definition": [],
                "service_level_objective_definition": [],
                "servicemap_definition": [],
                "slo_list_definition": [],
                "split_graph_definition": [],
                "sunburst_definition": [],
                "timeseries_definition": [
                  {
                    "custom_link": [],
                    "event": [],
                    "legend_columns": null,
                    "legend_layout": "",
                    "legend_size": "",
                    "live_span": "",
                    "marker": [],
                    "request": [
                      {
                        "apm_query": [],
                        "audit_query": [],
                        "display_type": "line",
                        "formula": [],
                        "log_query": [],
                        "metadata": [],
                        "network_query": [],
                        "on_right_yaxis": false,
                        "process_query": [],
                        "q": "avg:aws.ec2.memoryutilization{*} by {instance-id}",
                        "query": [],
                        "rum_query": [],
                        "security_query": [],
                        "style": []
                      }
                    ],
                    "right_yaxis": [],
                    "show_legend": false,
                    "title": "EC2 Memory Utilization",
                    "title_align": "",
                    "title_size": "",
                    "yaxis": []
                  }
                ],
                "toplist_definition": [],
                "topology_map_definition": [],
                "trace_service_definition": [],
                "treemap_definition": [],
                "widget_layout": [
                  {
                    "height": 15,
                    "is_column_break": false,
                    "width": 12,
                    "x": 0,
                    "y": 16
                  }
                ]
              },
              {
                "alert_graph_definition": [],
                "alert_value_definition": [],
                "change_definition": [],
                "check_status_definition": [],
                "distribution_definition": [],
                "event_stream_definition": [],
                "event_timeline_definition": [],
                "free_text_definition": [],
                "geomap_definition": [],
                "group_definition": [],
                "heatmap_definition": [],
                "hostmap_definition": [],
                "id": 7154580197775756,
                "iframe_definition": [],
                "image_definition": [],
                "list_stream_definition": [],
                "log_stream_definition": [],
                "manage_status_definition": [],
                "note_definition": [],
                "powerpack_definition": [],
                "query_table_definition": [],
                "query_value_definition": [],
                "run_workflow_definition": [],
                "scatterplot_definition": [],
                "service_level_objective_definition": [],
                "servicemap_definition": [],
                "slo_list_definition": [],
                "split_graph_definition": [],
                "sunburst_definition": [],
                "timeseries_definition": [
                  {
                    "custom_link": [],
                    "event": [],
                    "legend_columns": null,
                    "legend_layout": "",
                    "legend_size": "",
                    "live_span": "",
                    "marker": [],
                    "request": [
                      {
                        "apm_query": [],
                        "audit_query": [],
                        "display_type": "line",
                        "formula": [],
                        "log_query": [],
                        "metadata": [],
                        "network_query": [],
                        "on_right_yaxis": false,
                        "process_query": [],
                        "q": "avg:aws.ec2.networkin{*} by {instance-id}",
                        "query": [],
                        "rum_query": [],
                        "security_query": [],
                        "style": []
                      },
                      {
                        "apm_query": [],
                        "audit_query": [],
                        "display_type": "line",
                        "formula": [],
                        "log_query": [],
                        "metadata": [],
                        "network_query": [],
                        "on_right_yaxis": false,
                        "process_query": [],
                        "q": "avg:aws.ec2.networkout{*} by {instance-id}",
                        "query": [],
                        "rum_query": [],
                        "security_query": [],
                        "style": []
                      }
                    ],
                    "right_yaxis": [],
                    "show_legend": false,
                    "title": "EC2 Network Traffic",
                    "title_align": "",
                    "title_size": "",
                    "yaxis": []
                  }
                ],
                "toplist_definition": [],
                "topology_map_definition": [],
                "trace_service_definition": [],
                "treemap_definition": [],
                "widget_layout": [
                  {
                    "height": 15,
                    "is_column_break": false,
                    "width": 12,
                    "x": 0,
                    "y": 32
                  }
                ]
              },
              {
                "alert_graph_definition": [],
                "alert_value_definition": [],
                "change_definition": [],
                "check_status_definition": [],
                "distribution_definition": [],
                "event_stream_definition": [],
                "event_timeline_definition": [],
                "free_text_definition": [],
                "geomap_definition": [],
                "group_definition": [],
                "heatmap_definition": [],
                "hostmap_definition": [],
                "id": 5555525446062674,
                "iframe_definition": [],
                "image_definition": [],
                "list_stream_definition": [],
                "log_stream_definition": [],
                "manage_status_definition": [],
                "note_definition": [],
                "powerpack_definition": [],
                "query_table_definition": [],
                "query_value_definition": [],
                "run_workflow_definition": [],
                "scatterplot_definition": [],
                "service_level_objective_definition": [],
                "servicemap_definition": [],
                "slo_list_definition": [],
                "split_graph_definition": [],
                "sunburst_definition": [],
                "timeseries_definition": [
                  {
                    "custom_link": [],
                    "event": [],
                    "legend_columns": null,
                    "legend_layout": "",
                    "legend_size": "",
                    "live_span": "",
                    "marker": [],
                    "request": [
                      {
                        "apm_query": [],
                        "audit_query": [],
                        "display_type": "line",
                        "formula": [],
                        "log_query": [],
                        "metadata": [],
                        "network_query": [],
                        "on_right_yaxis": false,
                        "process_query": [],
                        "q": "avg:aws.ec2.diskusage{*} by {instance-id}",
                        "query": [],
                        "rum_query": [],
                        "security_query": [],
                        "style": []
                      }
                    ],
                    "right_yaxis": [],
                    "show_legend": false,
                    "title": "EC2 Disk Usage",
                    "title_align": "",
                    "title_size": "",
                    "yaxis": []
                  }
                ],
                "toplist_definition": [],
                "topology_map_definition": [],
                "trace_service_definition": [],
                "treemap_definition": [],
                "widget_layout": [
                  {
                    "height": 15,
                    "is_column_break": false,
                    "width": 12,
                    "x": 0,
                    "y": 48
                  }
                ]
              }
            ]
          },
          "sensitive_attributes": [],
          "identity_schema_version": 0,
          "private": "bnVsbA=="
        }
      ]
    },
    {
      "mode": "managed",
      "type": "datadog_monitor",
      "name": "high_cpu",
      "provider": "provider[\"registry.terraform.io/datadog/datadog\"]",
      "instances": [
        {
          "schema_version": 0,
          "attributes": {
            "enable_logs_sample": null,
            "enable_samples": null,
            "escalation_message": "",
            "evaluation_delay": 0,
            "force_delete": null,
            "group_retention_duration": "",
            "groupby_simple_monitor": null,
            "id": "90040234",
            "include_tags": true,
            "locked": false,
            "message": "CPU usage is high on {{instance-id.name}}",
            "monitor_threshold_windows": [],
            "monitor_thresholds": [
              {
                "critical": "80",
                "critical_recovery": "",
                "ok": "",
                "unknown": "",
                "warning": "70",
                "warning_recovery": ""
              }
            ],
            "name": "High CPU Usage Alert",
            "new_group_delay": 0,
            "new_host_delay": 300,
            "no_data_timeframe": 0,
            "notification_preset_name": "",
            "notify_audit": false,
            "notify_by": [],
            "notify_no_data": false,
            "on_missing_data": "",
            "priority": "",
            "query": "avg(last_5m):avg:aws.ec2.cpuutilization{*} by {instance-id} \u003e 80",
            "renotify_interval": 0,
            "renotify_occurrences": 0,
            "renotify_statuses": null,
            "require_full_window": true,
            "restricted_roles": null,
            "scheduling_options": [],
            "tags": [
              "env:production",
              "service:aws"
            ],
            "timeout_h": 0,
            "type": "metric alert",
            "validate": null,
            "variables": []
          },
          "sensitive_attributes": [],
          "identity_schema_version": 0,
          "private": "bnVsbA=="
        }
      ]
    },
    {
      "mode": "managed",
      "type": "datadog_monitor",
      "name": "high_memory",
      "provider": "provider[\"registry.terraform.io/datadog/datadog\"]",
      "instances": [
        {
          "schema_version": 0,
          "attributes": {
            "enable_logs_sample": null,
            "enable_samples": null,
            "escalation_message": "",
            "evaluation_delay": 0,
            "force_delete": null,
            "group_retention_duration": "",
            "groupby_simple_monitor": null,
            "id": "90040233",
            "include_tags": true,
            "locked": false,
            "message": "Memory usage is high on {{instance-id.name}}",
            "monitor_threshold_windows": [],
            "monitor_thresholds": [
              {
                "critical": "85",
                "critical_recovery": "",
                "ok": "",
                "unknown": "",
                "warning": "75",
                "warning_recovery": ""
              }
            ],
            "name": "High Memory Usage Alert",
            "new_group_delay": 0,
            "new_host_delay": 300,
            "no_data_timeframe": 0,
            "notification_preset_name": "",
            "notify_audit": false,
            "notify_by": [],
            "notify_no_data": false,
            "on_missing_data": "",
            "priority": "",
            "query": "avg(last_5m):avg:aws.ec2.memoryutilization{*} by {instance-id} \u003e 85",
            "renotify_interval": 0,
            "renotify_occurrences": 0,
            "renotify_statuses": null,
            "require_full_window": true,
            "restricted_roles": null,
            "scheduling_options": [],
            "tags": [
              "env:production",
              "service:aws"
            ],
            "timeout_h": 0,
            "type": "metric alert",
            "validate": null,
            "variables": []
          },
          "sensitive_attributes": [],
          "identity_schema_version": 0,
          "private": "bnVsbA=="
        }
      ]
    }
  ],
  "check_results": null
}
